// !$*UTF8*$!
{
	archiveVersion = 1;
	classes = {
	};
	objectVersion = 77;
	objects = {

/* Begin PBXBuildFile section */
		35D6F2E32D92A383009BBA98 /* Config.plist in Resources */ = {isa = PBXBuildFile; fileRef = 35D6F2E22D92A383009BBA98 /* Config.plist */; };
		35F9F0812D8C8D38008CDD18 /* ZIPFoundation in Frameworks */ = {isa = PBXBuildFile; productRef = 35F9F0802D8C8D38008CDD18 /* ZIPFoundation */; };
/* End PBXBuildFile section */

/* Begin PBXContainerItemProxy section */
		350184502D89100C00D2F349 /* PBXContainerItemProxy */ = {
			isa = PBXContainerItemProxy;
			containerPortal = 350184362D89100B00D2F349 /* Project object */;
			proxyType = 1;
			remoteGlobalIDString = 3501843D2D89100B00D2F349;
			remoteInfo = MangaFlow;
		};
		3501845A2D89100C00D2F349 /* PBXContainerItemProxy */ = {
			isa = PBXContainerItemProxy;
			containerPortal = 350184362D89100B00D2F349 /* Project object */;
			proxyType = 1;
			remoteGlobalIDString = 3501843D2D89100B00D2F349;
			remoteInfo = MangaFlow;
		};
/* End PBXContainerItemProxy section */

/* Begin PBXFileReference section */
		3501843E2D89100B00D2F349 /* MangaFlow.app */ = {isa = PBXFileReference; explicitFileType = wrapper.application; includeInIndex = 0; path = MangaFlow.app; sourceTree = BUILT_PRODUCTS_DIR; };
		3501844F2D89100C00D2F349 /* MangaFlowTests.xctest */ = {isa = PBXFileReference; explicitFileType = wrapper.cfbundle; includeInIndex = 0; path = MangaFlowTests.xctest; sourceTree = BUILT_PRODUCTS_DIR; };
		350184592D89100C00D2F349 /* MangaFlowUITests.xctest */ = {isa = PBXFileReference; explicitFileType = wrapper.cfbundle; includeInIndex = 0; path = MangaFlowUITests.xctest; sourceTree = BUILT_PRODUCTS_DIR; };
		35D6F2E22D92A383009BBA98 /* Config.plist */ = {isa = PBXFileReference; lastKnownFileType = text.plist.xml; path = Config.plist; sourceTree = "<group>"; };
/* End PBXFileReference section */

/* Begin PBXFileSystemSynchronizedRootGroup section */
		350184402D89100B00D2F349 /* MangaFlow */ = {
			isa = PBXFileSystemSynchronizedRootGroup;
			path = MangaFlow;
			sourceTree = "<group>";
		};
		350184522D89100C00D2F349 /* MangaFlowTests */ = {
			isa = PBXFileSystemSynchronizedRootGroup;
			path = MangaFlowTests;
			sourceTree = "<group>";
		};
		3501845C2D89100C00D2F349 /* MangaFlowUITests */ = {
			isa = PBXFileSystemSynchronizedRootGroup;
			path = MangaFlowUITests;
			sourceTree = "<group>";
		};
/* End PBXFileSystemSynchronizedRootGroup section */

/* Begin PBXFrameworksBuildPhase section */
		3501843B2D89100B00D2F349 /* Frameworks */ = {
			isa = PBXFrameworksBuildPhase;
			buildActionMask = 2147483647;
			files = (
				35F9F0812D8C8D38008CDD18 /* ZIPFoundation in Frameworks */,
			);
			runOnlyForDeploymentPostprocessing = 0;
		};
		3501844C2D89100C00D2F349 /* Frameworks */ = {
			isa = PBXFrameworksBuildPhase;
			buildActionMask = 2147483647;
			files = (
			);
			runOnlyForDeploymentPostprocessing = 0;
		};
		350184562D89100C00D2F349 /* Frameworks */ = {
			isa = PBXFrameworksBuildPhase;
			buildActionMask = 2147483647;
			files = (
			);
			runOnlyForDeploymentPostprocessing = 0;
		};
/* End PBXFrameworksBuildPhase section */

/* Begin PBXGroup section */
		350184352D89100B00D2F349 = {
			isa = PBXGroup;
			children = (
				35D6F2E22D92A383009BBA98 /* Config.plist */,
				350184402D89100B00D2F349 /* MangaFlow */,
				350184522D89100C00D2F349 /* MangaFlowTests */,
				3501845C2D89100C00D2F349 /* MangaFlowUITests */,
				3501843F2D89100B00D2F349 /* Products */,
			);
			sourceTree = "<group>";
		};
		3501843F2D89100B00D2F349 /* Products */ = {
			isa = PBXGroup;
			children = (
				3501843E2D89100B00D2F349 /* MangaFlow.app */,
				3501844F2D89100C00D2F349 /* MangaFlowTests.xctest */,
				350184592D89100C00D2F349 /* MangaFlowUITests.xctest */,
			);
			name = Products;
			sourceTree = "<group>";
		};
/* End PBXGroup section */

/* Begin PBXNativeTarget section */
		3501843D2D89100B00D2F349 /* MangaFlow */ = {
			isa = PBXNativeTarget;
			buildConfigurationList = 350184632D89100C00D2F349 /* Build configuration list for PBXNativeTarget "MangaFlow" */;
			buildPhases = (
				3501843A2D89100B00D2F349 /* Sources */,
				3501843B2D89100B00D2F349 /* Frameworks */,
				3501843C2D89100B00D2F349 /* Resources */,
			);
			buildRules = (
			);
			dependencies = (
			);
			fileSystemSynchronizedGroups = (
				350184402D89100B00D2F349 /* MangaFlow */,
			);
			name = MangaFlow;
			packageProductDependencies = (
				35F9F0802D8C8D38008CDD18 /* ZIPFoundation */,
			);
			productName = MangaFlow;
			productReference = 3501843E2D89100B00D2F349 /* MangaFlow.app */;
			productType = "com.apple.product-type.application";
		};
		3501844E2D89100C00D2F349 /* MangaFlowTests */ = {
			isa = PBXNativeTarget;
			buildConfigurationList = 350184662D89100C00D2F349 /* Build configuration list for PBXNativeTarget "MangaFlowTests" */;
			buildPhases = (
				3501844B2D89100C00D2F349 /* Sources */,
				3501844C2D89100C00D2F349 /* Frameworks */,
				3501844D2D89100C00D2F349 /* Resources */,
			);
			buildRules = (
			);
			dependencies = (
				350184512D89100C00D2F349 /* PBXTargetDependency */,
			);
			fileSystemSynchronizedGroups = (
				350184522D89100C00D2F349 /* MangaFlowTests */,
			);
			name = MangaFlowTests;
			packageProductDependencies = (
			);
			productName = MangaFlowTests;
			productReference = 3501844F2D89100C00D2F349 /* MangaFlowTests.xctest */;
			productType = "com.apple.product-type.bundle.unit-test";
		};
		350184582D89100C00D2F349 /* MangaFlowUITests */ = {
			isa = PBXNativeTarget;
			buildConfigurationList = 350184692D89100C00D2F349 /* Build configuration list for PBXNativeTarget "MangaFlowUITests" */;
			buildPhases = (
				350184552D89100C00D2F349 /* Sources */,
				350184562D89100C00D2F349 /* Frameworks */,
				350184572D89100C00D2F349 /* Resources */,
			);
			buildRules = (
			);
			dependencies = (
				3501845B2D89100C00D2F349 /* PBXTargetDependency */,
			);
			fileSystemSynchronizedGroups = (
				3501845C2D89100C00D2F349 /* MangaFlowUITests */,
			);
			name = MangaFlowUITests;
			packageProductDependencies = (
			);
			productName = MangaFlowUITests;
			productReference = 350184592D89100C00D2F349 /* MangaFlowUITests.xctest */;
			productType = "com.apple.product-type.bundle.ui-testing";
		};
/* End PBXNativeTarget section */

/* Begin PBXProject section */
		350184362D89100B00D2F349 /* Project object */ = {
			isa = PBXProject;
			attributes = {
				BuildIndependentTargetsInParallel = 1;
				LastSwiftUpdateCheck = 1620;
				LastUpgradeCheck = 1620;
				TargetAttributes = {
					3501843D2D89100B00D2F349 = {
						CreatedOnToolsVersion = 16.2;
					};
					3501844E2D89100C00D2F349 = {
						CreatedOnToolsVersion = 16.2;
						TestTargetID = 3501843D2D89100B00D2F349;
					};
					350184582D89100C00D2F349 = {
						CreatedOnToolsVersion = 16.2;
						TestTargetID = 3501843D2D89100B00D2F349;
					};
				};
			};
			buildConfigurationList = 350184392D89100B00D2F349 /* Build configuration list for PBXProject "MangaFlow" */;
			developmentRegion = en;
			hasScannedForEncodings = 0;
			knownRegions = (
				en,
				Base,
			);
			mainGroup = 350184352D89100B00D2F349;
			minimizedProjectReferenceProxies = 1;
			packageReferences = (
				35F9F07F2D8C8D38008CDD18 /* XCRemoteSwiftPackageReference "ZIPFoundation" */,
			);
			preferredProjectObjectVersion = 77;
			productRefGroup = 3501843F2D89100B00D2F349 /* Products */;
			projectDirPath = "";
			projectRoot = "";
			targets = (
				3501843D2D89100B00D2F349 /* MangaFlow */,
				3501844E2D89100C00D2F349 /* MangaFlowTests */,
				350184582D89100C00D2F349 /* MangaFlowUITests */,
			);
		};
/* End PBXProject section */

/* Begin PBXResourcesBuildPhase section */
		3501843C2D89100B00D2F349 /* Resources */ = {
			isa = PBXResourcesBuildPhase;
			buildActionMask = 2147483647;
			files = (
				35D6F2E32D92A383009BBA98 /* Config.plist in Resources */,
			);
			runOnlyForDeploymentPostprocessing = 0;
		};
		3501844D2D89100C00D2F349 /* Resources */ = {
			isa = PBXResourcesBuildPhase;
			buildActionMask = 2147483647;
			files = (
			);
			runOnlyForDeploymentPostprocessing = 0;
		};
		350184572D89100C00D2F349 /* Resources */ = {
			isa = PBXResourcesBuildPhase;
			buildActionMask = 2147483647;
			files = (
			);
			runOnlyForDeploymentPostprocessing = 0;
		};
/* End PBXResourcesBuildPhase section */

/* Begin PBXSourcesBuildPhase section */
		3501843A2D89100B00D2F349 /* Sources */ = {
			isa = PBXSourcesBuildPhase;
			buildActionMask = 2147483647;
			files = (
			);
			runOnlyForDeploymentPostprocessing = 0;
		};
		3501844B2D89100C00D2F349 /* Sources */ = {
			isa = PBXSourcesBuildPhase;
			buildActionMask = 2147483647;
			files = (
			);
			runOnlyForDeploymentPostprocessing = 0;
		};
		350184552D89100C00D2F349 /* Sources */ = {
			isa = PBXSourcesBuildPhase;
			buildActionMask = 2147483647;
			files = (
			);
			runOnlyForDeploymentPostprocessing = 0;
		};
/* End PBXSourcesBuildPhase section */

/* Begin PBXTargetDependency section */
		350184512D89100C00D2F349 /* PBXTargetDependency */ = {
			isa = PBXTargetDependency;
			target = 3501843D2D89100B00D2F349 /* MangaFlow */;
			targetProxy = 350184502D89100C00D2F349 /* PBXContainerItemProxy */;
		};
		3501845B2D89100C00D2F349 /* PBXTargetDependency */ = {
			isa = PBXTargetDependency;
			target = 3501843D2D89100B00D2F349 /* MangaFlow */;
			targetProxy = 3501845A2D89100C00D2F349 /* PBXContainerItemProxy */;
		};
/* End PBXTargetDependency section */

/* Begin XCBuildConfiguration section */
		350184612D89100C00D2F349 /* Debug */ = {
			isa = XCBuildConfiguration;
			buildSettings = {
				ALWAYS_SEARCH_USER_PATHS = NO;
				ASSETCATALOG_COMPILER_GENERATE_SWIFT_ASSET_SYMBOL_EXTENSIONS = YES;
				CLANG_ANALYZER_NONNULL = YES;
				CLANG_ANALYZER_NUMBER_OBJECT_CONVERSION = YES_AGGRESSIVE;
				CLANG_CXX_LANGUAGE_STANDARD = "gnu++20";
				CLANG_ENABLE_MODULES = YES;
				CLANG_ENABLE_OBJC_ARC = YES;
				CLANG_ENABLE_OBJC_WEAK = YES;
				CLANG_WARN_BLOCK_CAPTURE_AUTORELEASING = YES;
				CLANG_WARN_BOOL_CONVERSION = YES;
				CLANG_WARN_COMMA = YES;
				CLANG_WARN_CONSTANT_CONVERSION = YES;
				CLANG_WARN_DEPRECATED_OBJC_IMPLEMENTATIONS = YES;
				CLANG_WARN_DIRECT_OBJC_ISA_USAGE = YES_ERROR;
				CLANG_WARN_DOCUMENTATION_COMMENTS = YES;
				CLANG_WARN_EMPTY_BODY = YES;
				CLANG_WARN_ENUM_CONVERSION = YES;
				CLANG_WARN_INFINITE_RECURSION = YES;
				CLANG_WARN_INT_CONVERSION = YES;
				CLANG_WARN_NON_LITERAL_NULL_CONVERSION = YES;
				CLANG_WARN_OBJC_IMPLICIT_RETAIN_SELF = YES;
				CLANG_WARN_OBJC_LITERAL_CONVERSION = YES;
				CLANG_WARN_OBJC_ROOT_CLASS = YES_ERROR;
				CLANG_WARN_QUOTED_INCLUDE_IN_FRAMEWORK_HEADER = YES;
				CLANG_WARN_RANGE_LOOP_ANALYSIS = YES;
				CLANG_WARN_STRICT_PROTOTYPES = YES;
				CLANG_WARN_SUSPICIOUS_MOVE = YES;
				CLANG_WARN_UNGUARDED_AVAILABILITY = YES_AGGRESSIVE;
				CLANG_WARN_UNREACHABLE_CODE = YES;
				CLANG_WARN__DUPLICATE_METHOD_MATCH = YES;
				COPY_PHASE_STRIP = NO;
				DEBUG_INFORMATION_FORMAT = dwarf;
				ENABLE_STRICT_OBJC_MSGSEND = YES;
				ENABLE_TESTABILITY = YES;
				ENABLE_USER_SCRIPT_SANDBOXING = YES;
				GCC_C_LANGUAGE_STANDARD = gnu17;
				GCC_DYNAMIC_NO_PIC = NO;
				GCC_NO_COMMON_BLOCKS = YES;
				GCC_OPTIMIZATION_LEVEL = 0;
				GCC_PREPROCESSOR_DEFINITIONS = (
					"DEBUG=1",
					"$(inherited)",
				);
				GCC_WARN_64_TO_32_BIT_CONVERSION = YES;
				GCC_WARN_ABOUT_RETURN_TYPE = YES_ERROR;
				GCC_WARN_UNDECLARED_SELECTOR = YES;
				GCC_WARN_UNINITIALIZED_AUTOS = YES_AGGRESSIVE;
				GCC_WARN_UNUSED_FUNCTION = YES;
				GCC_WARN_UNUSED_VARIABLE = YES;
				LOCALIZATION_PREFERS_STRING_CATALOGS = YES;
				MACOSX_DEPLOYMENT_TARGET = 15.2;
				MTL_ENABLE_DEBUG_INFO = INCLUDE_SOURCE;
				MTL_FAST_MATH = YES;
				ONLY_ACTIVE_ARCH = YES;
				SDKROOT = macosx;
				SWIFT_ACTIVE_COMPILATION_CONDITIONS = "DEBUG $(inherited)";
				SWIFT_OPTIMIZATION_LEVEL = "-Onone";
			};
			name = Debug;
		};
		350184622D89100C00D2F349 /* Release */ = {
			isa = XCBuildConfiguration;
			buildSettings = {
				ALWAYS_SEARCH_USER_PATHS = NO;
				ASSETCATALOG_COMPILER_GENERATE_SWIFT_ASSET_SYMBOL_EXTENSIONS = YES;
				CLANG_ANALYZER_NONNULL = YES;
				CLANG_ANALYZER_NUMBER_OBJECT_CONVERSION = YES_AGGRESSIVE;
				CLANG_CXX_LANGUAGE_STANDARD = "gnu++20";
				CLANG_ENABLE_MODULES = YES;
				CLANG_ENABLE_OBJC_ARC = YES;
				CLANG_ENABLE_OBJC_WEAK = YES;
				CLANG_WARN_BLOCK_CAPTURE_AUTORELEASING = YES;
				CLANG_WARN_BOOL_CONVERSION = YES;
				CLANG_WARN_COMMA = YES;
				CLANG_WARN_CONSTANT_CONVERSION = YES;
				CLANG_WARN_DEPRECATED_OBJC_IMPLEMENTATIONS = YES;
				CLANG_WARN_DIRECT_OBJC_ISA_USAGE = YES_ERROR;
				CLANG_WARN_DOCUMENTATION_COMMENTS = YES;
				CLANG_WARN_EMPTY_BODY = YES;
				CLANG_WARN_ENUM_CONVERSION = YES;
				CLANG_WARN_INFINITE_RECURSION = YES;
				CLANG_WARN_INT_CONVERSION = YES;
				CLANG_WARN_NON_LITERAL_NULL_CONVERSION = YES;
				CLANG_WARN_OBJC_IMPLICIT_RETAIN_SELF = YES;
				CLANG_WARN_OBJC_LITERAL_CONVERSION = YES;
				CLANG_WARN_OBJC_ROOT_CLASS = YES_ERROR;
				CLANG_WARN_QUOTED_INCLUDE_IN_FRAMEWORK_HEADER = YES;
				CLANG_WARN_RANGE_LOOP_ANALYSIS = YES;
				CLANG_WARN_STRICT_PROTOTYPES = YES;
				CLANG_WARN_SUSPICIOUS_MOVE = YES;
				CLANG_WARN_UNGUARDED_AVAILABILITY = YES_AGGRESSIVE;
				CLANG_WARN_UNREACHABLE_CODE = YES;
				CLANG_WARN__DUPLICATE_METHOD_MATCH = YES;
				COPY_PHASE_STRIP = NO;
				DEBUG_INFORMATION_FORMAT = "dwarf-with-dsym";
				ENABLE_NS_ASSERTIONS = NO;
				ENABLE_STRICT_OBJC_MSGSEND = YES;
				ENABLE_USER_SCRIPT_SANDBOXING = YES;
				GCC_C_LANGUAGE_STANDARD = gnu17;
				GCC_NO_COMMON_BLOCKS = YES;
				GCC_WARN_64_TO_32_BIT_CONVERSION = YES;
				GCC_WARN_ABOUT_RETURN_TYPE = YES_ERROR;
				GCC_WARN_UNDECLARED_SELECTOR = YES;
				GCC_WARN_UNINITIALIZED_AUTOS = YES_AGGRESSIVE;
				GCC_WARN_UNUSED_FUNCTION = YES;
				GCC_WARN_UNUSED_VARIABLE = YES;
				LOCALIZATION_PREFERS_STRING_CATALOGS = YES;
				MACOSX_DEPLOYMENT_TARGET = 15.2;
				MTL_ENABLE_DEBUG_INFO = NO;
				MTL_FAST_MATH = YES;
				SDKROOT = macosx;
				SWIFT_COMPILATION_MODE = wholemodule;
			};
			name = Release;
		};
		350184642D89100C00D2F349 /* Debug */ = {
			isa = XCBuildConfiguration;
			buildSettings = {
				ASSETCATALOG_COMPILER_APPICON_NAME = AppIcon;
				ASSETCATALOG_COMPILER_GLOBAL_ACCENT_COLOR_NAME = AccentColor;
				CODE_SIGN_ENTITLEMENTS = MangaFlow/MangaFlow.entitlements;
				CODE_SIGN_STYLE = Automatic;
				COMBINE_HIDPI_IMAGES = YES;
				CURRENT_PROJECT_VERSION = 1;
				DEVELOPMENT_ASSET_PATHS = "\"MangaFlow/Preview Content\"";
				DEVELOPMENT_TEAM = L7W4HCPX67;
				ENABLE_HARDENED_RUNTIME = YES;
				ENABLE_PREVIEWS = YES;
				GENERATE_INFOPLIST_FILE = YES;
				INFOPLIST_FILE = MangaFlow/Info.plist;
				INFOPLIST_KEY_LSApplicationCategoryType = "public.app-category.utilities";
				INFOPLIST_KEY_NSHumanReadableCopyright = "";
				LD_RUNPATH_SEARCH_PATHS = (
					"$(inherited)",
					"@executable_path/../Frameworks",
				);
				MARKETING_VERSION = 1.0;
				PRODUCT_BUNDLE_IDENTIFIER = com.github.leonfrer.MangaFlow;
				PRODUCT_NAME = "$(TARGET_NAME)";
				SWIFT_EMIT_LOC_STRINGS = YES;
				SWIFT_VERSION = 5.0;
			};
			name = Debug;
		};
		350184652D89100C00D2F349 /* Release */ = {
			isa = XCBuildConfiguration;
			buildSettings = {
				ASSETCATALOG_COMPILER_APPICON_NAME = AppIcon;
				ASSETCATALOG_COMPILER_GLOBAL_ACCENT_COLOR_NAME = AccentColor;
				CODE_SIGN_ENTITLEMENTS = MangaFlow/MangaFlow.entitlements;
				CODE_SIGN_STYLE = Automatic;
				COMBINE_HIDPI_IMAGES = YES;
				CURRENT_PROJECT_VERSION = 1;
				DEVELOPMENT_ASSET_PATHS = "\"MangaFlow/Preview Content\"";
				DEVELOPMENT_TEAM = L7W4HCPX67;
				ENABLE_HARDENED_RUNTIME = YES;
				ENABLE_PREVIEWS = YES;
				GENERATE_INFOPLIST_FILE = YES;
				INFOPLIST_FILE = MangaFlow/Info.plist;
				INFOPLIST_KEY_LSApplicationCategoryType = "public.app-category.utilities";
				INFOPLIST_KEY_NSHumanReadableCopyright = "";
				LD_RUNPATH_SEARCH_PATHS = (
					"$(inherited)",
					"@executable_path/../Frameworks",
				);
				MARKETING_VERSION = 1.0;
				PRODUCT_BUNDLE_IDENTIFIER = com.github.leonfrer.MangaFlow;
				PRODUCT_NAME = "$(TARGET_NAME)";
				SWIFT_EMIT_LOC_STRINGS = YES;
				SWIFT_VERSION = 5.0;
			};
			name = Release;
		};
		350184672D89100C00D2F349 /* Debug */ = {
			isa = XCBuildConfiguration;
			buildSettings = {
				BUNDLE_LOADER = "$(TEST_HOST)";
				CODE_SIGN_STYLE = Automatic;
				CURRENT_PROJECT_VERSION = 1;
				DEVELOPMENT_TEAM = L7W4HCPX67;
				GENERATE_INFOPLIST_FILE = YES;
				MACOSX_DEPLOYMENT_TARGET = 15.2;
				MARKETING_VERSION = 1.0;
				PRODUCT_BUNDLE_IDENTIFIER = com.github.leonfrer.MangaFlowTests;
				PRODUCT_NAME = "$(TARGET_NAME)";
				SWIFT_EMIT_LOC_STRINGS = NO;
				SWIFT_VERSION = 5.0;
				TEST_HOST = "$(BUILT_PRODUCTS_DIR)/MangaFlow.app/$(BUNDLE_EXECUTABLE_FOLDER_PATH)/MangaFlow";
			};
			name = Debug;
		};
		350184682D89100C00D2F349 /* Release */ = {
			isa = XCBuildConfiguration;
			buildSettings = {
				BUNDLE_LOADER = "$(TEST_HOST)";
				CODE_SIGN_STYLE = Automatic;
				CURRENT_PROJECT_VERSION = 1;
				DEVELOPMENT_TEAM = L7W4HCPX67;
				GENERATE_INFOPLIST_FILE = YES;
				MACOSX_DEPLOYMENT_TARGET = 15.2;
				MARKETING_VERSION = 1.0;
				PRODUCT_BUNDLE_IDENTIFIER = com.github.leonfrer.MangaFlowTests;
				PRODUCT_NAME = "$(TARGET_NAME)";
				SWIFT_EMIT_LOC_STRINGS = NO;
				SWIFT_VERSION = 5.0;
				TEST_HOST = "$(BUILT_PRODUCTS_DIR)/MangaFlow.app/$(BUNDLE_EXECUTABLE_FOLDER_PATH)/MangaFlow";
			};
			name = Release;
		};
		3501846A2D89100C00D2F349 /* Debug */ = {
			isa = XCBuildConfiguration;
			buildSettings = {
				CODE_SIGN_STYLE = Automatic;
				CURRENT_PROJECT_VERSION = 1;
				DEVELOPMENT_TEAM = L7W4HCPX67;
				GENERATE_INFOPLIST_FILE = YES;
				MARKETING_VERSION = 1.0;
				PRODUCT_BUNDLE_IDENTIFIER = com.github.leonfrer.MangaFlowUITests;
				PRODUCT_NAME = "$(TARGET_NAME)";
				SWIFT_EMIT_LOC_STRINGS = NO;
				SWIFT_VERSION = 5.0;
				TEST_TARGET_NAME = MangaFlow;
			};
			name = Debug;
		};
		3501846B2D89100C00D2F349 /* Release */ = {
			isa = XCBuildConfiguration;
			buildSettings = {
				CODE_SIGN_STYLE = Automatic;
				CURRENT_PROJECT_VERSION = 1;
				DEVELOPMENT_TEAM = L7W4HCPX67;
				GENERATE_INFOPLIST_FILE = YES;
				MARKETING_VERSION = 1.0;
				PRODUCT_BUNDLE_IDENTIFIER = com.github.leonfrer.MangaFlowUITests;
				PRODUCT_NAME = "$(TARGET_NAME)";
				SWIFT_EMIT_LOC_STRINGS = NO;
				SWIFT_VERSION = 5.0;
				TEST_TARGET_NAME = MangaFlow;
			};
			name = Release;
		};
/* End XCBuildConfiguration section */

/* Begin XCConfigurationList section */
		350184392D89100B00D2F349 /* Build configuration list for PBXProject "MangaFlow" */ = {
			isa = XCConfigurationList;
			buildConfigurations = (
				350184612D89100C00D2F349 /* Debug */,
				350184622D89100C00D2F349 /* Release */,
			);
			defaultConfigurationIsVisible = 0;
			defaultConfigurationName = Release;
		};
		350184632D89100C00D2F349 /* Build configuration list for PBXNativeTarget "MangaFlow" */ = {
			isa = XCConfigurationList;
			buildConfigurations = (
				350184642D89100C00D2F349 /* Debug */,
				350184652D89100C00D2F349 /* Release */,
			);
			defaultConfigurationIsVisible = 0;
			defaultConfigurationName = Release;
		};
		350184662D89100C00D2F349 /* Build configuration list for PBXNativeTarget "MangaFlowTests" */ = {
			isa = XCConfigurationList;
			buildConfigurations = (
				350184672D89100C00D2F349 /* Debug */,
				350184682D89100C00D2F349 /* Release */,
			);
			defaultConfigurationIsVisible = 0;
			defaultConfigurationName = Release;
		};
		350184692D89100C00D2F349 /* Build configuration list for PBXNativeTarget "MangaFlowUITests" */ = {
			isa = XCConfigurationList;
			buildConfigurations = (
				3501846A2D89100C00D2F349 /* Debug */,
				3501846B2D89100C00D2F349 /* Release */,
			);
			defaultConfigurationIsVisible = 0;
			defaultConfigurationName = Release;
		};
/* End XCConfigurationList section */

/* Begin XCRemoteSwiftPackageReference section */
		35F9F07F2D8C8D38008CDD18 /* XCRemoteSwiftPackageReference "ZIPFoundation" */ = {
			isa = XCRemoteSwiftPackageReference;
			repositoryURL = "https://github.com/weichsel/ZIPFoundation";
			requirement = {
				kind = upToNextMajorVersion;
				minimumVersion = 0.9.19;
			};
		};
/* End XCRemoteSwiftPackageReference section */

/* Begin XCSwiftPackageProductDependency section */
		35F9F0802D8C8D38008CDD18 /* ZIPFoundation */ = {
			isa = XCSwiftPackageProductDependency;
			package = 35F9F07F2D8C8D38008CDD18 /* XCRemoteSwiftPackageReference "ZIPFoundation" */;
			productName = ZIPFoundation;
		};
/* End XCSwiftPackageProductDependency section */
	};
	rootObject = 350184362D89100B00D2F349 /* Project object */;
}
